
Microsoft Visual Studio Solution File, Format Version 12.00
# Visual Studio Version 17
VisualStudioVersion = 17.9.34728.123
MinimumVisualStudioVersion = 10.0.40219.1
Project("{9A19103F-16F7-4668-BE54-9A1E7A4F7556}") = "Kinetic2.Analyzers", "Kinetic2.Analyzers\Kinetic2.Analyzers.csproj", "{C365416B-2DB9-4E73-ABA1-889D443AC7C3}"
EndProject
Project("{9A19103F-16F7-4668-BE54-9A1E7A4F7556}") = "Kinetic2.Core", "Kinetic2.Core\Kinetic2.Core.csproj", "{975D2EAC-0C63-420F-942C-45FF7C39C820}"
EndProject
Project("{9A19103F-16F7-4668-BE54-9A1E7A4F7556}") = "Kinetic2.SampleApp", "Kinetic2.SampleApp\Kinetic2.SampleApp.csproj", "{7783DFC4-C692-4B67-A2E9-1699387B5BC5}"
EndProject
Global
	GlobalSection(SolutionConfigurationPlatforms) = preSolution
		Debug|Any CPU = Debug|Any CPU
		Release|Any CPU = Release|Any CPU
	EndGlobalSection
	GlobalSection(ProjectConfigurationPlatforms) = postSolution
		{C365416B-2DB9-4E73-ABA1-889D443AC7C3}.Debug|Any CPU.ActiveCfg = Debug|Any CPU
		{C365416B-2DB9-4E73-ABA1-889D443AC7C3}.Debug|Any CPU.Build.0 = Debug|Any CPU
		{C365416B-2DB9-4E73-ABA1-889D443AC7C3}.Release|Any CPU.ActiveCfg = Release|Any CPU
		{C365416B-2DB9-4E73-ABA1-889D443AC7C3}.Release|Any CPU.Build.0 = Release|Any CPU
		{975D2EAC-0C63-420F-942C-45FF7C39C820}.Debug|Any CPU.ActiveCfg = Debug|Any CPU
		{975D2EAC-0C63-420F-942C-45FF7C39C820}.Debug|Any CPU.Build.0 = Debug|Any CPU
		{975D2EAC-0C63-420F-942C-45FF7C39C820}.Release|Any CPU.ActiveCfg = Release|Any CPU
		{975D2EAC-0C63-420F-942C-45FF7C39C820}.Release|Any CPU.Build.0 = Release|Any CPU
		{7783DFC4-C692-4B67-A2E9-1699387B5BC5}.Debug|Any CPU.ActiveCfg = Debug|Any CPU
		{7783DFC4-C692-4B67-A2E9-1699387B5BC5}.Debug|Any CPU.Build.0 = Debug|Any CPU
		{7783DFC4-C692-4B67-A2E9-1699387B5BC5}.Release|Any CPU.ActiveCfg = Release|Any CPU
		{7783DFC4-C692-4B67-A2E9-1699387B5BC5}.Release|Any CPU.Build.0 = Release|Any CPU
	EndGlobalSection
	GlobalSection(SolutionProperties) = preSolution
		HideSolutionNode = FALSE
	EndGlobalSection
	GlobalSection(ExtensibilityGlobals) = postSolution
		SolutionGuid = {2A622BD9-4906-42E4-944D-E50AAD477875}
	EndGlobalSection
EndGlobal
